
Microsoft Visual Studio Solution File, Format Version 12.00
# Visual Studio 15
VisualStudioVersion = 15.0.27703.2018
MinimumVisualStudioVersion = 10.0.40219.1
Project("{FAE04EC0-301F-11D3-BF4B-00C04F79EFBC}") = "GcExtractor", "GcExtractor\GcExtractor.csproj", "{E9C0D7C9-9E23-482F-AFBA-0838208E4C84}"
EndProject
Global
	GlobalSection(SolutionConfigurationPlatforms) = preSolution
		Debug|Any CPU = Debug|Any CPU
		Release|Any CPU = Release|Any CPU
	EndGlobalSection
	GlobalSection(ProjectConfigurationPlatforms) = postSolution
		{E9C0D7C9-9E23-482F-AFBA-0838208E4C84}.Debug|Any CPU.ActiveCfg = Debug|Any CPU
		{E9C0D7C9-9E23-482F-AFBA-0838208E4C84}.Debug|Any CPU.Build.0 = Debug|Any CPU
		{E9C0D7C9-9E23-482F-AFBA-0838208E4C84}.Release|Any CPU.ActiveCfg = Release|Any CPU
		{E9C0D7C9-9E23-482F-AFBA-0838208E4C84}.Release|Any CPU.Build.0 = Release|Any CPU
	EndGlobalSection
	GlobalSection(SolutionProperties) = preSolution
		HideSolutionNode = FALSE
	EndGlobalSection
	GlobalSection(ExtensibilityGlobals) = postSolution
		SolutionGuid = {E27B9D7D-7E39-47FE-B73D-F36972BD058D}
	EndGlobalSection
EndGlobal
